
Microsoft Visual Studio Solution File, Format Version 12.00
# Visual Studio Version 17
VisualStudioVersion = 17.0.31903.59
MinimumVisualStudioVersion = 10.0.40219.1
Project("{FAE04EC0-301F-11D3-BF4B-00C04F79EFBC}") = "API", "API\API.csproj", "{38544752-800B-467C-81BE-44105A495658}"
EndProject
Project("{FAE04EC0-301F-11D3-BF4B-00C04F79EFBC}") = "Application", "Application\Application.csproj", "{4E977B92-35C7-40E6-A190-6AF43DD92699}"
EndProject
Project("{FAE04EC0-301F-11D3-BF4B-00C04F79EFBC}") = "Domain", "Domain\Domain.csproj", "{4F0E5A38-2785-464B-8F55-7FB3356ECC59}"
EndProject
Project("{FAE04EC0-301F-11D3-BF4B-00C04F79EFBC}") = "Persistence", "Persistence\Persistence.csproj", "{88E8614B-0EA4-432B-8036-B55550B5F371}"
EndProject
Global
	GlobalSection(SolutionConfigurationPlatforms) = preSolution
		Debug|Any CPU = Debug|Any CPU
		Release|Any CPU = Release|Any CPU
	EndGlobalSection
	GlobalSection(SolutionProperties) = preSolution
		HideSolutionNode = FALSE
	EndGlobalSection
	GlobalSection(ProjectConfigurationPlatforms) = postSolution
		{38544752-800B-467C-81BE-44105A495658}.Debug|Any CPU.ActiveCfg = Debug|Any CPU
		{38544752-800B-467C-81BE-44105A495658}.Debug|Any CPU.Build.0 = Debug|Any CPU
		{38544752-800B-467C-81BE-44105A495658}.Release|Any CPU.ActiveCfg = Release|Any CPU
		{38544752-800B-467C-81BE-44105A495658}.Release|Any CPU.Build.0 = Release|Any CPU
		{4E977B92-35C7-40E6-A190-6AF43DD92699}.Debug|Any CPU.ActiveCfg = Debug|Any CPU
		{4E977B92-35C7-40E6-A190-6AF43DD92699}.Debug|Any CPU.Build.0 = Debug|Any CPU
		{4E977B92-35C7-40E6-A190-6AF43DD92699}.Release|Any CPU.ActiveCfg = Release|Any CPU
		{4E977B92-35C7-40E6-A190-6AF43DD92699}.Release|Any CPU.Build.0 = Release|Any CPU
		{4F0E5A38-2785-464B-8F55-7FB3356ECC59}.Debug|Any CPU.ActiveCfg = Debug|Any CPU
		{4F0E5A38-2785-464B-8F55-7FB3356ECC59}.Debug|Any CPU.Build.0 = Debug|Any CPU
		{4F0E5A38-2785-464B-8F55-7FB3356ECC59}.Release|Any CPU.ActiveCfg = Release|Any CPU
		{4F0E5A38-2785-464B-8F55-7FB3356ECC59}.Release|Any CPU.Build.0 = Release|Any CPU
		{88E8614B-0EA4-432B-8036-B55550B5F371}.Debug|Any CPU.ActiveCfg = Debug|Any CPU
		{88E8614B-0EA4-432B-8036-B55550B5F371}.Debug|Any CPU.Build.0 = Debug|Any CPU
		{88E8614B-0EA4-432B-8036-B55550B5F371}.Release|Any CPU.ActiveCfg = Release|Any CPU
		{88E8614B-0EA4-432B-8036-B55550B5F371}.Release|Any CPU.Build.0 = Release|Any CPU
	EndGlobalSection
EndGlobal
